
Microsoft Visual Studio Solution File, Format Version 12.00
# Visual Studio 15
VisualStudioVersion = 15.0.28307.106
MinimumVisualStudioVersion = 10.0.40219.1
Project("{FAE04EC0-301F-11D3-BF4B-00C04F79EFBC}") = "PruebaTecMovilREST.Android", "PruebaTecMovilREST\PruebaTecMovilREST.Android\PruebaTecMovilREST.Android.csproj", "{A5525809-4A5F-42E9-85FD-E0491AD3D4C0}"
EndProject
Project("{FAE04EC0-301F-11D3-BF4B-00C04F79EFBC}") = "PruebaTecMovilREST.iOS", "PruebaTecMovilREST\PruebaTecMovilREST.iOS\PruebaTecMovilREST.iOS.csproj", "{9E832B46-2238-48E6-9CFB-B630CF8B2E16}"
EndProject
Project("{FAE04EC0-301F-11D3-BF4B-00C04F79EFBC}") = "PruebaTecMovilREST.UWP", "PruebaTecMovilREST\PruebaTecMovilREST.UWP\PruebaTecMovilREST.UWP.csproj", "{C110FFA2-CBF9-4328-B43F-9A4903560E65}"
EndProject
Project("{FAE04EC0-301F-11D3-BF4B-00C04F79EFBC}") = "PruebaTecMovilREST", "PruebaTecMovilREST\PruebaTecMovilREST\PruebaTecMovilREST.csproj", "{78C30009-165F-4939-9DAB-437AE303C100}"
EndProject
Global
	GlobalSection(SolutionConfigurationPlatforms) = preSolution
		Ad-Hoc|Any CPU = Ad-Hoc|Any CPU
		Ad-Hoc|ARM = Ad-Hoc|ARM
		Ad-Hoc|iPhone = Ad-Hoc|iPhone
		Ad-Hoc|iPhoneSimulator = Ad-Hoc|iPhoneSimulator
		Ad-Hoc|x64 = Ad-Hoc|x64
		Ad-Hoc|x86 = Ad-Hoc|x86
		AppStore|Any CPU = AppStore|Any CPU
		AppStore|ARM = AppStore|ARM
		AppStore|iPhone = AppStore|iPhone
		AppStore|iPhoneSimulator = AppStore|iPhoneSimulator
		AppStore|x64 = AppStore|x64
		AppStore|x86 = AppStore|x86
		Debug|Any CPU = Debug|Any CPU
		Debug|ARM = Debug|ARM
		Debug|iPhone = Debug|iPhone
		Debug|iPhoneSimulator = Debug|iPhoneSimulator
		Debug|x64 = Debug|x64
		Debug|x86 = Debug|x86
		Release|Any CPU = Release|Any CPU
		Release|ARM = Release|ARM
		Release|iPhone = Release|iPhone
		Release|iPhoneSimulator = Release|iPhoneSimulator
		Release|x64 = Release|x64
		Release|x86 = Release|x86
	EndGlobalSection
	GlobalSection(ProjectConfigurationPlatforms) = postSolution
		{A5525809-4A5F-42E9-85FD-E0491AD3D4C0}.Ad-Hoc|Any CPU.ActiveCfg = Release|Any CPU
		{A5525809-4A5F-42E9-85FD-E0491AD3D4C0}.Ad-Hoc|Any CPU.Build.0 = Release|Any CPU
		{A5525809-4A5F-42E9-85FD-E0491AD3D4C0}.Ad-Hoc|Any CPU.Deploy.0 = Release|Any CPU
		{A5525809-4A5F-42E9-85FD-E0491AD3D4C0}.Ad-Hoc|ARM.ActiveCfg = Release|Any CPU
		{A5525809-4A5F-42E9-85FD-E0491AD3D4C0}.Ad-Hoc|ARM.Build.0 = Release|Any CPU
		{A5525809-4A5F-42E9-85FD-E0491AD3D4C0}.Ad-Hoc|ARM.Deploy.0 = Release|Any CPU
		{A5525809-4A5F-42E9-85FD-E0491AD3D4C0}.Ad-Hoc|iPhone.ActiveCfg = Release|Any CPU
		{A5525809-4A5F-42E9-85FD-E0491AD3D4C0}.Ad-Hoc|iPhone.Build.0 = Release|Any CPU
		{A5525809-4A5F-42E9-85FD-E0491AD3D4C0}.Ad-Hoc|iPhone.Deploy.0 = Release|Any CPU
		{A5525809-4A5F-42E9-85FD-E0491AD3D4C0}.Ad-Hoc|iPhoneSimulator.ActiveCfg = Release|Any CPU
		{A5525809-4A5F-42E9-85FD-E0491AD3D4C0}.Ad-Hoc|iPhoneSimulator.Build.0 = Release|Any CPU
		{A5525809-4A5F-42E9-85FD-E0491AD3D4C0}.Ad-Hoc|iPhoneSimulator.Deploy.0 = Release|Any CPU
		{A5525809-4A5F-42E9-85FD-E0491AD3D4C0}.Ad-Hoc|x64.ActiveCfg = Release|Any CPU
		{A5525809-4A5F-42E9-85FD-E0491AD3D4C0}.Ad-Hoc|x64.Build.0 = Release|Any CPU
		{A5525809-4A5F-42E9-85FD-E0491AD3D4C0}.Ad-Hoc|x64.Deploy.0 = Release|Any CPU
		{A5525809-4A5F-42E9-85FD-E0491AD3D4C0}.Ad-Hoc|x86.ActiveCfg = Release|Any CPU
		{A5525809-4A5F-42E9-85FD-E0491AD3D4C0}.Ad-Hoc|x86.Build.0 = Release|Any CPU
		{A5525809-4A5F-42E9-85FD-E0491AD3D4C0}.Ad-Hoc|x86.Deploy.0 = Release|Any CPU
		{A5525809-4A5F-42E9-85FD-E0491AD3D4C0}.AppStore|Any CPU.ActiveCfg = Release|Any CPU
		{A5525809-4A5F-42E9-85FD-E0491AD3D4C0}.AppStore|Any CPU.Build.0 = Release|Any CPU
		{A5525809-4A5F-42E9-85FD-E0491AD3D4C0}.AppStore|Any CPU.Deploy.0 = Release|Any CPU
		{A5525809-4A5F-42E9-85FD-E0491AD3D4C0}.AppStore|ARM.ActiveCfg = Release|Any CPU
		{A5525809-4A5F-42E9-85FD-E0491AD3D4C0}.AppStore|ARM.Build.0 = Release|Any CPU
		{A5525809-4A5F-42E9-85FD-E0491AD3D4C0}.AppStore|ARM.Deploy.0 = Release|Any CPU
		{A5525809-4A5F-42E9-85FD-E0491AD3D4C0}.AppStore|iPhone.ActiveCfg = Release|Any CPU
		{A5525809-4A5F-42E9-85FD-E0491AD3D4C0}.AppStore|iPhone.Build.0 = Release|Any CPU
		{A5525809-4A5F-42E9-85FD-E0491AD3D4C0}.AppStore|iPhone.Deploy.0 = Release|Any CPU
		{A5525809-4A5F-42E9-85FD-E0491AD3D4C0}.AppStore|iPhoneSimulator.ActiveCfg = Release|Any CPU
		{A5525809-4A5F-42E9-85FD-E0491AD3D4C0}.AppStore|iPhoneSimulator.Build.0 = Release|Any CPU
		{A5525809-4A5F-42E9-85FD-E0491AD3D4C0}.AppStore|iPhoneSimulator.Deploy.0 = Release|Any CPU
		{A5525809-4A5F-42E9-85FD-E0491AD3D4C0}.AppStore|x64.ActiveCfg = Release|Any CPU
		{A5525809-4A5F-42E9-85FD-E0491AD3D4C0}.AppStore|x64.Build.0 = Release|Any CPU
		{A5525809-4A5F-42E9-85FD-E0491AD3D4C0}.AppStore|x64.Deploy.0 = Release|Any CPU
		{A5525809-4A5F-42E9-85FD-E0491AD3D4C0}.AppStore|x86.ActiveCfg = Release|Any CPU
		{A5525809-4A5F-42E9-85FD-E0491AD3D4C0}.AppStore|x86.Build.0 = Release|Any CPU
		{A5525809-4A5F-42E9-85FD-E0491AD3D4C0}.AppStore|x86.Deploy.0 = Release|Any CPU
		{A5525809-4A5F-42E9-85FD-E0491AD3D4C0}.Debug|Any CPU.ActiveCfg = Debug|Any CPU
		{A5525809-4A5F-42E9-85FD-E0491AD3D4C0}.Debug|Any CPU.Build.0 = Debug|Any CPU
		{A5525809-4A5F-42E9-85FD-E0491AD3D4C0}.Debug|Any CPU.Deploy.0 = Debug|Any CPU
		{A5525809-4A5F-42E9-85FD-E0491AD3D4C0}.Debug|ARM.ActiveCfg = Debug|Any CPU
		{A5525809-4A5F-42E9-85FD-E0491AD3D4C0}.Debug|ARM.Build.0 = Debug|Any CPU
		{A5525809-4A5F-42E9-85FD-E0491AD3D4C0}.Debug|ARM.Deploy.0 = Debug|Any CPU
		{A5525809-4A5F-42E9-85FD-E0491AD3D4C0}.Debug|iPhone.ActiveCfg = Debug|Any CPU
		{A5525809-4A5F-42E9-85FD-E0491AD3D4C0}.Debug|iPhone.Build.0 = Debug|Any CPU
		{A5525809-4A5F-42E9-85FD-E0491AD3D4C0}.Debug|iPhone.Deploy.0 = Debug|Any CPU
		{A5525809-4A5F-42E9-85FD-E0491AD3D4C0}.Debug|iPhoneSimulator.ActiveCfg = Debug|Any CPU
		{A5525809-4A5F-42E9-85FD-E0491AD3D4C0}.Debug|iPhoneSimulator.Build.0 = Debug|Any CPU
		{A5525809-4A5F-42E9-85FD-E0491AD3D4C0}.Debug|iPhoneSimulator.Deploy.0 = Debug|Any CPU
		{A5525809-4A5F-42E9-85FD-E0491AD3D4C0}.Debug|x64.ActiveCfg = Debug|Any CPU
		{A5525809-4A5F-42E9-85FD-E0491AD3D4C0}.Debug|x64.Build.0 = Debug|Any CPU
		{A5525809-4A5F-42E9-85FD-E0491AD3D4C0}.Debug|x64.Deploy.0 = Debug|Any CPU
		{A5525809-4A5F-42E9-85FD-E0491AD3D4C0}.Debug|x86.ActiveCfg = Debug|Any CPU
		{A5525809-4A5F-42E9-85FD-E0491AD3D4C0}.Debug|x86.Build.0 = Debug|Any CPU
		{A5525809-4A5F-42E9-85FD-E0491AD3D4C0}.Debug|x86.Deploy.0 = Debug|Any CPU
		{A5525809-4A5F-42E9-85FD-E0491AD3D4C0}.Release|Any CPU.ActiveCfg = Release|Any CPU
		{A5525809-4A5F-42E9-85FD-E0491AD3D4C0}.Release|Any CPU.Build.0 = Release|Any CPU
		{A5525809-4A5F-42E9-85FD-E0491AD3D4C0}.Release|Any CPU.Deploy.0 = Release|Any CPU
		{A5525809-4A5F-42E9-85FD-E0491AD3D4C0}.Release|ARM.ActiveCfg = Release|Any CPU
		{A5525809-4A5F-42E9-85FD-E0491AD3D4C0}.Release|ARM.Build.0 = Release|Any CPU
		{A5525809-4A5F-42E9-85FD-E0491AD3D4C0}.Release|ARM.Deploy.0 = Release|Any CPU
		{A5525809-4A5F-42E9-85FD-E0491AD3D4C0}.Release|iPhone.ActiveCfg = Release|Any CPU
		{A5525809-4A5F-42E9-85FD-E0491AD3D4C0}.Release|iPhone.Build.0 = Release|Any CPU
		{A5525809-4A5F-42E9-85FD-E0491AD3D4C0}.Release|iPhone.Deploy.0 = Release|Any CPU
		{A5525809-4A5F-42E9-85FD-E0491AD3D4C0}.Release|iPhoneSimulator.ActiveCfg = Release|Any CPU
		{A5525809-4A5F-42E9-85FD-E0491AD3D4C0}.Release|iPhoneSimulator.Build.0 = Release|Any CPU
		{A5525809-4A5F-42E9-85FD-E0491AD3D4C0}.Release|iPhoneSimulator.Deploy.0 = Release|Any CPU
		{A5525809-4A5F-42E9-85FD-E0491AD3D4C0}.Release|x64.ActiveCfg = Release|Any CPU
		{A5525809-4A5F-42E9-85FD-E0491AD3D4C0}.Release|x64.Build.0 = Release|Any CPU
		{A5525809-4A5F-42E9-85FD-E0491AD3D4C0}.Release|x64.Deploy.0 = Release|Any CPU
		{A5525809-4A5F-42E9-85FD-E0491AD3D4C0}.Release|x86.ActiveCfg = Release|Any CPU
		{A5525809-4A5F-42E9-85FD-E0491AD3D4C0}.Release|x86.Build.0 = Release|Any CPU
		{A5525809-4A5F-42E9-85FD-E0491AD3D4C0}.Release|x86.Deploy.0 = Release|Any CPU
		{9E832B46-2238-48E6-9CFB-B630CF8B2E16}.Ad-Hoc|Any CPU.ActiveCfg = Ad-Hoc|iPhone
		{9E832B46-2238-48E6-9CFB-B630CF8B2E16}.Ad-Hoc|Any CPU.Build.0 = Ad-Hoc|iPhone
		{9E832B46-2238-48E6-9CFB-B630CF8B2E16}.Ad-Hoc|Any CPU.Deploy.0 = Ad-Hoc|iPhone
		{9E832B46-2238-48E6-9CFB-B630CF8B2E16}.Ad-Hoc|ARM.ActiveCfg = Ad-Hoc|iPhone
		{9E832B46-2238-48E6-9CFB-B630CF8B2E16}.Ad-Hoc|ARM.Build.0 = Ad-Hoc|iPhone
		{9E832B46-2238-48E6-9CFB-B630CF8B2E16}.Ad-Hoc|ARM.Deploy.0 = Ad-Hoc|iPhone
		{9E832B46-2238-48E6-9CFB-B630CF8B2E16}.Ad-Hoc|iPhone.ActiveCfg = Ad-Hoc|iPhone
		{9E832B46-2238-48E6-9CFB-B630CF8B2E16}.Ad-Hoc|iPhone.Build.0 = Ad-Hoc|iPhone
		{9E832B46-2238-48E6-9CFB-B630CF8B2E16}.Ad-Hoc|iPhone.Deploy.0 = Ad-Hoc|iPhone
		{9E832B46-2238-48E6-9CFB-B630CF8B2E16}.Ad-Hoc|iPhoneSimulator.ActiveCfg = Ad-Hoc|iPhoneSimulator
		{9E832B46-2238-48E6-9CFB-B630CF8B2E16}.Ad-Hoc|iPhoneSimulator.Build.0 = Ad-Hoc|iPhoneSimulator
		{9E832B46-2238-48E6-9CFB-B630CF8B2E16}.Ad-Hoc|iPhoneSimulator.Deploy.0 = Ad-Hoc|iPhoneSimulator
		{9E832B46-2238-48E6-9CFB-B630CF8B2E16}.Ad-Hoc|x64.ActiveCfg = Ad-Hoc|iPhone
		{9E832B46-2238-48E6-9CFB-B630CF8B2E16}.Ad-Hoc|x64.Build.0 = Ad-Hoc|iPhone
		{9E832B46-2238-48E6-9CFB-B630CF8B2E16}.Ad-Hoc|x64.Deploy.0 = Ad-Hoc|iPhone
		{9E832B46-2238-48E6-9CFB-B630CF8B2E16}.Ad-Hoc|x86.ActiveCfg = Ad-Hoc|iPhone
		{9E832B46-2238-48E6-9CFB-B630CF8B2E16}.Ad-Hoc|x86.Build.0 = Ad-Hoc|iPhone
		{9E832B46-2238-48E6-9CFB-B630CF8B2E16}.Ad-Hoc|x86.Deploy.0 = Ad-Hoc|iPhone
		{9E832B46-2238-48E6-9CFB-B630CF8B2E16}.AppStore|Any CPU.ActiveCfg = AppStore|iPhone
		{9E832B46-2238-48E6-9CFB-B630CF8B2E16}.AppStore|Any CPU.Build.0 = AppStore|iPhone
		{9E832B46-2238-48E6-9CFB-B630CF8B2E16}.AppStore|Any CPU.Deploy.0 = AppStore|iPhone
		{9E832B46-2238-48E6-9CFB-B630CF8B2E16}.AppStore|ARM.ActiveCfg = AppStore|iPhone
		{9E832B46-2238-48E6-9CFB-B630CF8B2E16}.AppStore|ARM.Build.0 = AppStore|iPhone
		{9E832B46-2238-48E6-9CFB-B630CF8B2E16}.AppStore|ARM.Deploy.0 = AppStore|iPhone
		{9E832B46-2238-48E6-9CFB-B630CF8B2E16}.AppStore|iPhone.ActiveCfg = AppStore|iPhone
		{9E832B46-2238-48E6-9CFB-B630CF8B2E16}.AppStore|iPhone.Build.0 = AppStore|iPhone
		{9E832B46-2238-48E6-9CFB-B630CF8B2E16}.AppStore|iPhone.Deploy.0 = AppStore|iPhone
		{9E832B46-2238-48E6-9CFB-B630CF8B2E16}.AppStore|iPhoneSimulator.ActiveCfg = AppStore|iPhoneSimulator
		{9E832B46-2238-48E6-9CFB-B630CF8B2E16}.AppStore|iPhoneSimulator.Build.0 = AppStore|iPhoneSimulator
		{9E832B46-2238-48E6-9CFB-B630CF8B2E16}.AppStore|iPhoneSimulator.Deploy.0 = AppStore|iPhoneSimulator
		{9E832B46-2238-48E6-9CFB-B630CF8B2E16}.AppStore|x64.ActiveCfg = AppStore|iPhone
		{9E832B46-2238-48E6-9CFB-B630CF8B2E16}.AppStore|x64.Build.0 = AppStore|iPhone
		{9E832B46-2238-48E6-9CFB-B630CF8B2E16}.AppStore|x64.Deploy.0 = AppStore|iPhone
		{9E832B46-2238-48E6-9CFB-B630CF8B2E16}.AppStore|x86.ActiveCfg = AppStore|iPhone
		{9E832B46-2238-48E6-9CFB-B630CF8B2E16}.AppStore|x86.Build.0 = AppStore|iPhone
		{9E832B46-2238-48E6-9CFB-B630CF8B2E16}.AppStore|x86.Deploy.0 = AppStore|iPhone
		{9E832B46-2238-48E6-9CFB-B630CF8B2E16}.Debug|Any CPU.ActiveCfg = Debug|iPhoneSimulator
		{9E832B46-2238-48E6-9CFB-B630CF8B2E16}.Debug|Any CPU.Build.0 = Debug|iPhoneSimulator
		{9E832B46-2238-48E6-9CFB-B630CF8B2E16}.Debug|Any CPU.Deploy.0 = Debug|iPhoneSimulator
		{9E832B46-2238-48E6-9CFB-B630CF8B2E16}.Debug|ARM.ActiveCfg = Debug|iPhone
		{9E832B46-2238-48E6-9CFB-B630CF8B2E16}.Debug|ARM.Build.0 = Debug|iPhone
		{9E832B46-2238-48E6-9CFB-B630CF8B2E16}.Debug|ARM.Deploy.0 = Debug|iPhone
		{9E832B46-2238-48E6-9CFB-B630CF8B2E16}.Debug|iPhone.ActiveCfg = Debug|iPhone
		{9E832B46-2238-48E6-9CFB-B630CF8B2E16}.Debug|iPhone.Build.0 = Debug|iPhone
		{9E832B46-2238-48E6-9CFB-B630CF8B2E16}.Debug|iPhone.Deploy.0 = Debug|iPhone
		{9E832B46-2238-48E6-9CFB-B630CF8B2E16}.Debug|iPhoneSimulator.ActiveCfg = Debug|iPhoneSimulator
		{9E832B46-2238-48E6-9CFB-B630CF8B2E16}.Debug|iPhoneSimulator.Build.0 = Debug|iPhoneSimulator
		{9E832B46-2238-48E6-9CFB-B630CF8B2E16}.Debug|iPhoneSimulator.Deploy.0 = Debug|iPhoneSimulator
		{9E832B46-2238-48E6-9CFB-B630CF8B2E16}.Debug|x64.ActiveCfg = Debug|iPhone
		{9E832B46-2238-48E6-9CFB-B630CF8B2E16}.Debug|x64.Build.0 = Debug|iPhone
		{9E832B46-2238-48E6-9CFB-B630CF8B2E16}.Debug|x64.Deploy.0 = Debug|iPhone
		{9E832B46-2238-48E6-9CFB-B630CF8B2E16}.Debug|x86.ActiveCfg = Debug|iPhone
		{9E832B46-2238-48E6-9CFB-B630CF8B2E16}.Debug|x86.Build.0 = Debug|iPhone
		{9E832B46-2238-48E6-9CFB-B630CF8B2E16}.Debug|x86.Deploy.0 = Debug|iPhone
		{9E832B46-2238-48E6-9CFB-B630CF8B2E16}.Release|Any CPU.ActiveCfg = Release|iPhone
		{9E832B46-2238-48E6-9CFB-B630CF8B2E16}.Release|Any CPU.Build.0 = Release|iPhone
		{9E832B46-2238-48E6-9CFB-B630CF8B2E16}.Release|Any CPU.Deploy.0 = Release|iPhone
		{9E832B46-2238-48E6-9CFB-B630CF8B2E16}.Release|ARM.ActiveCfg = Release|iPhone
		{9E832B46-2238-48E6-9CFB-B630CF8B2E16}.Release|ARM.Build.0 = Release|iPhone
		{9E832B46-2238-48E6-9CFB-B630CF8B2E16}.Release|ARM.Deploy.0 = Release|iPhone
		{9E832B46-2238-48E6-9CFB-B630CF8B2E16}.Release|iPhone.ActiveCfg = Release|iPhone
		{9E832B46-2238-48E6-9CFB-B630CF8B2E16}.Release|iPhone.Build.0 = Release|iPhone
		{9E832B46-2238-48E6-9CFB-B630CF8B2E16}.Release|iPhone.Deploy.0 = Release|iPhone
		{9E832B46-2238-48E6-9CFB-B630CF8B2E16}.Release|iPhoneSimulator.ActiveCfg = Release|iPhoneSimulator
		{9E832B46-2238-48E6-9CFB-B630CF8B2E16}.Release|iPhoneSimulator.Build.0 = Release|iPhoneSimulator
		{9E832B46-2238-48E6-9CFB-B630CF8B2E16}.Release|iPhoneSimulator.Deploy.0 = Release|iPhoneSimulator
		{9E832B46-2238-48E6-9CFB-B630CF8B2E16}.Release|x64.ActiveCfg = Release|iPhone
		{9E832B46-2238-48E6-9CFB-B630CF8B2E16}.Release|x64.Build.0 = Release|iPhone
		{9E832B46-2238-48E6-9CFB-B630CF8B2E16}.Release|x64.Deploy.0 = Release|iPhone
		{9E832B46-2238-48E6-9CFB-B630CF8B2E16}.Release|x86.ActiveCfg = Release|iPhone
		{9E832B46-2238-48E6-9CFB-B630CF8B2E16}.Release|x86.Build.0 = Release|iPhone
		{9E832B46-2238-48E6-9CFB-B630CF8B2E16}.Release|x86.Deploy.0 = Release|iPhone
		{C110FFA2-CBF9-4328-B43F-9A4903560E65}.Ad-Hoc|Any CPU.ActiveCfg = Release|x86
		{C110FFA2-CBF9-4328-B43F-9A4903560E65}.Ad-Hoc|Any CPU.Build.0 = Release|x86
		{C110FFA2-CBF9-4328-B43F-9A4903560E65}.Ad-Hoc|Any CPU.Deploy.0 = Release|x86
		{C110FFA2-CBF9-4328-B43F-9A4903560E65}.Ad-Hoc|ARM.ActiveCfg = Release|ARM
		{C110FFA2-CBF9-4328-B43F-9A4903560E65}.Ad-Hoc|ARM.Build.0 = Release|ARM
		{C110FFA2-CBF9-4328-B43F-9A4903560E65}.Ad-Hoc|ARM.Deploy.0 = Release|ARM
		{C110FFA2-CBF9-4328-B43F-9A4903560E65}.Ad-Hoc|iPhone.ActiveCfg = Release|x86
		{C110FFA2-CBF9-4328-B43F-9A4903560E65}.Ad-Hoc|iPhone.Build.0 = Release|x86
		{C110FFA2-CBF9-4328-B43F-9A4903560E65}.Ad-Hoc|iPhone.Deploy.0 = Release|x86
		{C110FFA2-CBF9-4328-B43F-9A4903560E65}.Ad-Hoc|iPhoneSimulator.ActiveCfg = Release|x86
		{C110FFA2-CBF9-4328-B43F-9A4903560E65}.Ad-Hoc|iPhoneSimulator.Build.0 = Release|x86
		{C110FFA2-CBF9-4328-B43F-9A4903560E65}.Ad-Hoc|iPhoneSimulator.Deploy.0 = Release|x86
		{C110FFA2-CBF9-4328-B43F-9A4903560E65}.Ad-Hoc|x64.ActiveCfg = Release|x64
		{C110FFA2-CBF9-4328-B43F-9A4903560E65}.Ad-Hoc|x64.Build.0 = Release|x64
		{C110FFA2-CBF9-4328-B43F-9A4903560E65}.Ad-Hoc|x64.Deploy.0 = Release|x64
		{C110FFA2-CBF9-4328-B43F-9A4903560E65}.Ad-Hoc|x86.ActiveCfg = Release|x86
		{C110FFA2-CBF9-4328-B43F-9A4903560E65}.Ad-Hoc|x86.Build.0 = Release|x86
		{C110FFA2-CBF9-4328-B43F-9A4903560E65}.Ad-Hoc|x86.Deploy.0 = Release|x86
		{C110FFA2-CBF9-4328-B43F-9A4903560E65}.AppStore|Any CPU.ActiveCfg = Release|x86
		{C110FFA2-CBF9-4328-B43F-9A4903560E65}.AppStore|Any CPU.Build.0 = Release|x86
		{C110FFA2-CBF9-4328-B43F-9A4903560E65}.AppStore|Any CPU.Deploy.0 = Release|x86
		{C110FFA2-CBF9-4328-B43F-9A4903560E65}.AppStore|ARM.ActiveCfg = Release|ARM
		{C110FFA2-CBF9-4328-B43F-9A4903560E65}.AppStore|ARM.Build.0 = Release|ARM
		{C110FFA2-CBF9-4328-B43F-9A4903560E65}.AppStore|ARM.Deploy.0 = Release|ARM
		{C110FFA2-CBF9-4328-B43F-9A4903560E65}.AppStore|iPhone.ActiveCfg = Release|x86
		{C110FFA2-CBF9-4328-B43F-9A4903560E65}.AppStore|iPhone.Build.0 = Release|x86
		{C110FFA2-CBF9-4328-B43F-9A4903560E65}.AppStore|iPhone.Deploy.0 = Release|x86
		{C110FFA2-CBF9-4328-B43F-9A4903560E65}.AppStore|iPhoneSimulator.ActiveCfg = Release|x86
		{C110FFA2-CBF9-4328-B43F-9A4903560E65}.AppStore|iPhoneSimulator.Build.0 = Release|x86
		{C110FFA2-CBF9-4328-B43F-9A4903560E65}.AppStore|iPhoneSimulator.Deploy.0 = Release|x86
		{C110FFA2-CBF9-4328-B43F-9A4903560E65}.AppStore|x64.ActiveCfg = Release|x64
		{C110FFA2-CBF9-4328-B43F-9A4903560E65}.AppStore|x64.Build.0 = Release|x64
		{C110FFA2-CBF9-4328-B43F-9A4903560E65}.AppStore|x64.Deploy.0 = Release|x64
		{C110FFA2-CBF9-4328-B43F-9A4903560E65}.AppStore|x86.ActiveCfg = Release|x86
		{C110FFA2-CBF9-4328-B43F-9A4903560E65}.AppStore|x86.Build.0 = Release|x86
		{C110FFA2-CBF9-4328-B43F-9A4903560E65}.AppStore|x86.Deploy.0 = Release|x86
		{C110FFA2-CBF9-4328-B43F-9A4903560E65}.Debug|Any CPU.ActiveCfg = Debug|x86
		{C110FFA2-CBF9-4328-B43F-9A4903560E65}.Debug|Any CPU.Build.0 = Debug|x86
		{C110FFA2-CBF9-4328-B43F-9A4903560E65}.Debug|Any CPU.Deploy.0 = Debug|x86
		{C110FFA2-CBF9-4328-B43F-9A4903560E65}.Debug|ARM.ActiveCfg = Debug|ARM
		{C110FFA2-CBF9-4328-B43F-9A4903560E65}.Debug|ARM.Build.0 = Debug|ARM
		{C110FFA2-CBF9-4328-B43F-9A4903560E65}.Debug|ARM.Deploy.0 = Debug|ARM
		{C110FFA2-CBF9-4328-B43F-9A4903560E65}.Debug|iPhone.ActiveCfg = Debug|x86
		{C110FFA2-CBF9-4328-B43F-9A4903560E65}.Debug|iPhone.Build.0 = Debug|x86
		{C110FFA2-CBF9-4328-B43F-9A4903560E65}.Debug|iPhone.Deploy.0 = Debug|x86
		{C110FFA2-CBF9-4328-B43F-9A4903560E65}.Debug|iPhoneSimulator.ActiveCfg = Debug|x86
		{C110FFA2-CBF9-4328-B43F-9A4903560E65}.Debug|iPhoneSimulator.Build.0 = Debug|x86
		{C110FFA2-CBF9-4328-B43F-9A4903560E65}.Debug|iPhoneSimulator.Deploy.0 = Debug|x86
		{C110FFA2-CBF9-4328-B43F-9A4903560E65}.Debug|x64.ActiveCfg = Debug|x64
		{C110FFA2-CBF9-4328-B43F-9A4903560E65}.Debug|x64.Build.0 = Debug|x64
		{C110FFA2-CBF9-4328-B43F-9A4903560E65}.Debug|x64.Deploy.0 = Debug|x64
		{C110FFA2-CBF9-4328-B43F-9A4903560E65}.Debug|x86.ActiveCfg = Debug|x86
		{C110FFA2-CBF9-4328-B43F-9A4903560E65}.Debug|x86.Build.0 = Debug|x86
		{C110FFA2-CBF9-4328-B43F-9A4903560E65}.Debug|x86.Deploy.0 = Debug|x86
		{C110FFA2-CBF9-4328-B43F-9A4903560E65}.Release|Any CPU.ActiveCfg = Release|x86
		{C110FFA2-CBF9-4328-B43F-9A4903560E65}.Release|Any CPU.Build.0 = Release|x86
		{C110FFA2-CBF9-4328-B43F-9A4903560E65}.Release|Any CPU.Deploy.0 = Release|x86
		{C110FFA2-CBF9-4328-B43F-9A4903560E65}.Release|ARM.ActiveCfg = Release|ARM
		{C110FFA2-CBF9-4328-B43F-9A4903560E65}.Release|ARM.Build.0 = Release|ARM
		{C110FFA2-CBF9-4328-B43F-9A4903560E65}.Release|ARM.Deploy.0 = Release|ARM
		{C110FFA2-CBF9-4328-B43F-9A4903560E65}.Release|iPhone.ActiveCfg = Release|x86
		{C110FFA2-CBF9-4328-B43F-9A4903560E65}.Release|iPhone.Build.0 = Release|x86
		{C110FFA2-CBF9-4328-B43F-9A4903560E65}.Release|iPhone.Deploy.0 = Release|x86
		{C110FFA2-CBF9-4328-B43F-9A4903560E65}.Release|iPhoneSimulator.ActiveCfg = Release|x86
		{C110FFA2-CBF9-4328-B43F-9A4903560E65}.Release|iPhoneSimulator.Build.0 = Release|x86
		{C110FFA2-CBF9-4328-B43F-9A4903560E65}.Release|iPhoneSimulator.Deploy.0 = Release|x86
		{C110FFA2-CBF9-4328-B43F-9A4903560E65}.Release|x64.ActiveCfg = Release|x64
		{C110FFA2-CBF9-4328-B43F-9A4903560E65}.Release|x64.Build.0 = Release|x64
		{C110FFA2-CBF9-4328-B43F-9A4903560E65}.Release|x64.Deploy.0 = Release|x64
		{C110FFA2-CBF9-4328-B43F-9A4903560E65}.Release|x86.ActiveCfg = Release|x86
		{C110FFA2-CBF9-4328-B43F-9A4903560E65}.Release|x86.Build.0 = Release|x86
		{C110FFA2-CBF9-4328-B43F-9A4903560E65}.Release|x86.Deploy.0 = Release|x86
		{78C30009-165F-4939-9DAB-437AE303C100}.Ad-Hoc|Any CPU.ActiveCfg = Debug|Any CPU
		{78C30009-165F-4939-9DAB-437AE303C100}.Ad-Hoc|Any CPU.Build.0 = Debug|Any CPU
		{78C30009-165F-4939-9DAB-437AE303C100}.Ad-Hoc|Any CPU.Deploy.0 = Debug|Any CPU
		{78C30009-165F-4939-9DAB-437AE303C100}.Ad-Hoc|ARM.ActiveCfg = Debug|Any CPU
		{78C30009-165F-4939-9DAB-437AE303C100}.Ad-Hoc|ARM.Build.0 = Debug|Any CPU
		{78C30009-165F-4939-9DAB-437AE303C100}.Ad-Hoc|ARM.Deploy.0 = Debug|Any CPU
		{78C30009-165F-4939-9DAB-437AE303C100}.Ad-Hoc|iPhone.ActiveCfg = Debug|Any CPU
		{78C30009-165F-4939-9DAB-437AE303C100}.Ad-Hoc|iPhone.Build.0 = Debug|Any CPU
		{78C30009-165F-4939-9DAB-437AE303C100}.Ad-Hoc|iPhone.Deploy.0 = Debug|Any CPU
		{78C30009-165F-4939-9DAB-437AE303C100}.Ad-Hoc|iPhoneSimulator.ActiveCfg = Debug|Any CPU
		{78C30009-165F-4939-9DAB-437AE303C100}.Ad-Hoc|iPhoneSimulator.Build.0 = Debug|Any CPU
		{78C30009-165F-4939-9DAB-437AE303C100}.Ad-Hoc|iPhoneSimulator.Deploy.0 = Debug|Any CPU
		{78C30009-165F-4939-9DAB-437AE303C100}.Ad-Hoc|x64.ActiveCfg = Debug|Any CPU
		{78C30009-165F-4939-9DAB-437AE303C100}.Ad-Hoc|x64.Build.0 = Debug|Any CPU
		{78C30009-165F-4939-9DAB-437AE303C100}.Ad-Hoc|x64.Deploy.0 = Debug|Any CPU
		{78C30009-165F-4939-9DAB-437AE303C100}.Ad-Hoc|x86.ActiveCfg = Debug|Any CPU
		{78C30009-165F-4939-9DAB-437AE303C100}.Ad-Hoc|x86.Build.0 = Debug|Any CPU
		{78C30009-165F-4939-9DAB-437AE303C100}.Ad-Hoc|x86.Deploy.0 = Debug|Any CPU
		{78C30009-165F-4939-9DAB-437AE303C100}.AppStore|Any CPU.ActiveCfg = Debug|Any CPU
		{78C30009-165F-4939-9DAB-437AE303C100}.AppStore|Any CPU.Build.0 = Debug|Any CPU
		{78C30009-165F-4939-9DAB-437AE303C100}.AppStore|Any CPU.Deploy.0 = Debug|Any CPU
		{78C30009-165F-4939-9DAB-437AE303C100}.AppStore|ARM.ActiveCfg = Debug|Any CPU
		{78C30009-165F-4939-9DAB-437AE303C100}.AppStore|ARM.Build.0 = Debug|Any CPU
		{78C30009-165F-4939-9DAB-437AE303C100}.AppStore|ARM.Deploy.0 = Debug|Any CPU
		{78C30009-165F-4939-9DAB-437AE303C100}.AppStore|iPhone.ActiveCfg = Debug|Any CPU
		{78C30009-165F-4939-9DAB-437AE303C100}.AppStore|iPhone.Build.0 = Debug|Any CPU
		{78C30009-165F-4939-9DAB-437AE303C100}.AppStore|iPhone.Deploy.0 = Debug|Any CPU
		{78C30009-165F-4939-9DAB-437AE303C100}.AppStore|iPhoneSimulator.ActiveCfg = Debug|Any CPU
		{78C30009-165F-4939-9DAB-437AE303C100}.AppStore|iPhoneSimulator.Build.0 = Debug|Any CPU
		{78C30009-165F-4939-9DAB-437AE303C100}.AppStore|iPhoneSimulator.Deploy.0 = Debug|Any CPU
		{78C30009-165F-4939-9DAB-437AE303C100}.AppStore|x64.ActiveCfg = Debug|Any CPU
		{78C30009-165F-4939-9DAB-437AE303C100}.AppStore|x64.Build.0 = Debug|Any CPU
		{78C30009-165F-4939-9DAB-437AE303C100}.AppStore|x64.Deploy.0 = Debug|Any CPU
		{78C30009-165F-4939-9DAB-437AE303C100}.AppStore|x86.ActiveCfg = Debug|Any CPU
		{78C30009-165F-4939-9DAB-437AE303C100}.AppStore|x86.Build.0 = Debug|Any CPU
		{78C30009-165F-4939-9DAB-437AE303C100}.AppStore|x86.Deploy.0 = Debug|Any CPU
		{78C30009-165F-4939-9DAB-437AE303C100}.Debug|Any CPU.ActiveCfg = Debug|Any CPU
		{78C30009-165F-4939-9DAB-437AE303C100}.Debug|Any CPU.Build.0 = Debug|Any CPU
		{78C30009-165F-4939-9DAB-437AE303C100}.Debug|Any CPU.Deploy.0 = Debug|Any CPU
		{78C30009-165F-4939-9DAB-437AE303C100}.Debug|ARM.ActiveCfg = Debug|Any CPU
		{78C30009-165F-4939-9DAB-437AE303C100}.Debug|ARM.Build.0 = Debug|Any CPU
		{78C30009-165F-4939-9DAB-437AE303C100}.Debug|ARM.Deploy.0 = Debug|Any CPU
		{78C30009-165F-4939-9DAB-437AE303C100}.Debug|iPhone.ActiveCfg = Debug|Any CPU
		{78C30009-165F-4939-9DAB-437AE303C100}.Debug|iPhone.Build.0 = Debug|Any CPU
		{78C30009-165F-4939-9DAB-437AE303C100}.Debug|iPhone.Deploy.0 = Debug|Any CPU
		{78C30009-165F-4939-9DAB-437AE303C100}.Debug|iPhoneSimulator.ActiveCfg = Debug|Any CPU
		{78C30009-165F-4939-9DAB-437AE303C100}.Debug|iPhoneSimulator.Build.0 = Debug|Any CPU
		{78C30009-165F-4939-9DAB-437AE303C100}.Debug|iPhoneSimulator.Deploy.0 = Debug|Any CPU
		{78C30009-165F-4939-9DAB-437AE303C100}.Debug|x64.ActiveCfg = Debug|Any CPU
		{78C30009-165F-4939-9DAB-437AE303C100}.Debug|x64.Build.0 = Debug|Any CPU
		{78C30009-165F-4939-9DAB-437AE303C100}.Debug|x64.Deploy.0 = Debug|Any CPU
		{78C30009-165F-4939-9DAB-437AE303C100}.Debug|x86.ActiveCfg = Debug|Any CPU
		{78C30009-165F-4939-9DAB-437AE303C100}.Debug|x86.Build.0 = Debug|Any CPU
		{78C30009-165F-4939-9DAB-437AE303C100}.Debug|x86.Deploy.0 = Debug|Any CPU
		{78C30009-165F-4939-9DAB-437AE303C100}.Release|Any CPU.ActiveCfg = Release|Any CPU
		{78C30009-165F-4939-9DAB-437AE303C100}.Release|Any CPU.Build.0 = Release|Any CPU
		{78C30009-165F-4939-9DAB-437AE303C100}.Release|Any CPU.Deploy.0 = Release|Any CPU
		{78C30009-165F-4939-9DAB-437AE303C100}.Release|ARM.ActiveCfg = Release|Any CPU
		{78C30009-165F-4939-9DAB-437AE303C100}.Release|ARM.Build.0 = Release|Any CPU
		{78C30009-165F-4939-9DAB-437AE303C100}.Release|ARM.Deploy.0 = Release|Any CPU
		{78C30009-165F-4939-9DAB-437AE303C100}.Release|iPhone.ActiveCfg = Release|Any CPU
		{78C30009-165F-4939-9DAB-437AE303C100}.Release|iPhone.Build.0 = Release|Any CPU
		{78C30009-165F-4939-9DAB-437AE303C100}.Release|iPhone.Deploy.0 = Release|Any CPU
		{78C30009-165F-4939-9DAB-437AE303C100}.Release|iPhoneSimulator.ActiveCfg = Release|Any CPU
		{78C30009-165F-4939-9DAB-437AE303C100}.Release|iPhoneSimulator.Build.0 = Release|Any CPU
		{78C30009-165F-4939-9DAB-437AE303C100}.Release|iPhoneSimulator.Deploy.0 = Release|Any CPU
		{78C30009-165F-4939-9DAB-437AE303C100}.Release|x64.ActiveCfg = Release|Any CPU
		{78C30009-165F-4939-9DAB-437AE303C100}.Release|x64.Build.0 = Release|Any CPU
		{78C30009-165F-4939-9DAB-437AE303C100}.Release|x64.Deploy.0 = Release|Any CPU
		{78C30009-165F-4939-9DAB-437AE303C100}.Release|x86.ActiveCfg = Release|Any CPU
		{78C30009-165F-4939-9DAB-437AE303C100}.Release|x86.Build.0 = Release|Any CPU
		{78C30009-165F-4939-9DAB-437AE303C100}.Release|x86.Deploy.0 = Release|Any CPU
	EndGlobalSection
	GlobalSection(SolutionProperties) = preSolution
		HideSolutionNode = FALSE
	EndGlobalSection
	GlobalSection(ExtensibilityGlobals) = postSolution
		SolutionGuid = {FA63E2E8-F632-4BEA-9825-015479E62F66}
	EndGlobalSection
EndGlobal
